// !$*UTF8*$!
{
	archiveVersion = 1;
	classes = {
	};
	objectVersion = 50;
	objects = {

/* Begin PBXBuildFile section */
		764D2442249F12B7002E4B82 /* Reachability.swift in Sources */ = {isa = PBXBuildFile; fileRef = 764D2441249F12B7002E4B82 /* Reachability.swift */; };
		764D2444249F2028002E4B82 /* Localizable.strings in Resources */ = {isa = PBXBuildFile; fileRef = 764D2443249F2028002E4B82 /* Localizable.strings */; };
		7677A8E4249E387E001D4FE6 /* AppDelegate.swift in Sources */ = {isa = PBXBuildFile; fileRef = 7677A8E3249E387E001D4FE6 /* AppDelegate.swift */; };
		7677A8E6249E387E001D4FE6 /* SceneDelegate.swift in Sources */ = {isa = PBXBuildFile; fileRef = 7677A8E5249E387E001D4FE6 /* SceneDelegate.swift */; };
		7677A8E8249E387E001D4FE6 /* ViewController.swift in Sources */ = {isa = PBXBuildFile; fileRef = 7677A8E7249E387E001D4FE6 /* ViewController.swift */; };
		7677A8EB249E387E001D4FE6 /* Main.storyboard in Resources */ = {isa = PBXBuildFile; fileRef = 7677A8E9249E387E001D4FE6 /* Main.storyboard */; };
		7677A8ED249E3881001D4FE6 /* Assets.xcassets in Resources */ = {isa = PBXBuildFile; fileRef = 7677A8EC249E3881001D4FE6 /* Assets.xcassets */; };
		7677A8F0249E3881001D4FE6 /* LaunchScreen.storyboard in Resources */ = {isa = PBXBuildFile; fileRef = 7677A8EE249E3881001D4FE6 /* LaunchScreen.storyboard */; };
		7677A8FB249E3881001D4FE6 /* Universe_InterviewTests.swift in Sources */ = {isa = PBXBuildFile; fileRef = 7677A8FA249E3881001D4FE6 /* Universe_InterviewTests.swift */; };
		7677A906249E3881001D4FE6 /* Universe_InterviewUITests.swift in Sources */ = {isa = PBXBuildFile; fileRef = 7677A905249E3881001D4FE6 /* Universe_InterviewUITests.swift */; };
		7677A917249E39D1001D4FE6 /* PostsTableViewController.swift in Sources */ = {isa = PBXBuildFile; fileRef = 7677A916249E39D1001D4FE6 /* PostsTableViewController.swift */; };
		7677A91C249E3AC9001D4FE6 /* PostTableViewCell.swift in Sources */ = {isa = PBXBuildFile; fileRef = 7677A91B249E3AC9001D4FE6 /* PostTableViewCell.swift */; };
		7677A91E249E3B4F001D4FE6 /* Post.swift in Sources */ = {isa = PBXBuildFile; fileRef = 7677A91D249E3B4F001D4FE6 /* Post.swift */; };
		7677A920249E3D4B001D4FE6 /* PostsViewModel.swift in Sources */ = {isa = PBXBuildFile; fileRef = 7677A91F249E3D4B001D4FE6 /* PostsViewModel.swift */; };
		7677A923249E3D91001D4FE6 /* ErrorViewController.swift in Sources */ = {isa = PBXBuildFile; fileRef = 7677A922249E3D91001D4FE6 /* ErrorViewController.swift */; };
		7677A925249E3DDA001D4FE6 /* RetryDelegate.swift in Sources */ = {isa = PBXBuildFile; fileRef = 7677A924249E3DDA001D4FE6 /* RetryDelegate.swift */; };
		7677A927249E3E7D001D4FE6 /* UniverseBaseTableViewController.swift in Sources */ = {isa = PBXBuildFile; fileRef = 7677A926249E3E7D001D4FE6 /* UniverseBaseTableViewController.swift */; };
		7677A92B249E3FCD001D4FE6 /* PostDetailsViewController.swift in Sources */ = {isa = PBXBuildFile; fileRef = 7677A92A249E3FCD001D4FE6 /* PostDetailsViewController.swift */; };
		7677A92D249E40C0001D4FE6 /* PostService.swift in Sources */ = {isa = PBXBuildFile; fileRef = 7677A92C249E40C0001D4FE6 /* PostService.swift */; };
		7677A930249E46F8001D4FE6 /* ServiceError.swift in Sources */ = {isa = PBXBuildFile; fileRef = 7677A92F249E46F8001D4FE6 /* ServiceError.swift */; };
		7677A932249E47C1001D4FE6 /* URLSession+Extension.swift in Sources */ = {isa = PBXBuildFile; fileRef = 7677A931249E47C1001D4FE6 /* URLSession+Extension.swift */; };
		7677A938249E6616001D4FE6 /* CommentsTableViewController.swift in Sources */ = {isa = PBXBuildFile; fileRef = 7677A937249E6616001D4FE6 /* CommentsTableViewController.swift */; };
		7677A93A249E6648001D4FE6 /* Comment.swift in Sources */ = {isa = PBXBuildFile; fileRef = 7677A939249E6648001D4FE6 /* Comment.swift */; };
		7677A93C249E67C3001D4FE6 /* CommentsViewModel.swift in Sources */ = {isa = PBXBuildFile; fileRef = 7677A93B249E67C3001D4FE6 /* CommentsViewModel.swift */; };
		7677A93E249E67EE001D4FE6 /* CommentTableViewCell.swift in Sources */ = {isa = PBXBuildFile; fileRef = 7677A93D249E67EE001D4FE6 /* CommentTableViewCell.swift */; };
		7677A940249E6D56001D4FE6 /* CommentService.swift in Sources */ = {isa = PBXBuildFile; fileRef = 7677A93F249E6D56001D4FE6 /* CommentService.swift */; };
		7677A942249E75DF001D4FE6 /* ServiceClient.swift in Sources */ = {isa = PBXBuildFile; fileRef = 7677A941249E75DF001D4FE6 /* ServiceClient.swift */; };
		7677A946249E7EEC001D4FE6 /* UIview+Extension.swift in Sources */ = {isa = PBXBuildFile; fileRef = 7677A945249E7EEC001D4FE6 /* UIview+Extension.swift */; };
		7677A949249E9BE2001D4FE6 /* UserPostsTableViewController.swift in Sources */ = {isa = PBXBuildFile; fileRef = 7677A948249E9BE2001D4FE6 /* UserPostsTableViewController.swift */; };
/* End PBXBuildFile section */

/* Begin PBXContainerItemProxy section */
		7677A8F7249E3881001D4FE6 /* PBXContainerItemProxy */ = {
			isa = PBXContainerItemProxy;
			containerPortal = 7677A8D8249E387E001D4FE6 /* Project object */;
			proxyType = 1;
			remoteGlobalIDString = 7677A8DF249E387E001D4FE6;
			remoteInfo = "Universe-Interview";
		};
		7677A902249E3881001D4FE6 /* PBXContainerItemProxy */ = {
			isa = PBXContainerItemProxy;
			containerPortal = 7677A8D8249E387E001D4FE6 /* Project object */;
			proxyType = 1;
			remoteGlobalIDString = 7677A8DF249E387E001D4FE6;
			remoteInfo = "Universe-Interview";
		};
/* End PBXContainerItemProxy section */

/* Begin PBXFileReference section */
		764D2441249F12B7002E4B82 /* Reachability.swift */ = {isa = PBXFileReference; lastKnownFileType = sourcecode.swift; path = Reachability.swift; sourceTree = "<group>"; };
		764D2443249F2028002E4B82 /* Localizable.strings */ = {isa = PBXFileReference; lastKnownFileType = text.plist.strings; path = Localizable.strings; sourceTree = "<group>"; };
		7677A8E0249E387E001D4FE6 /* Universe-Interview.app */ = {isa = PBXFileReference; explicitFileType = wrapper.application; includeInIndex = 0; path = "Universe-Interview.app"; sourceTree = BUILT_PRODUCTS_DIR; };
		7677A8E3249E387E001D4FE6 /* AppDelegate.swift */ = {isa = PBXFileReference; lastKnownFileType = sourcecode.swift; path = AppDelegate.swift; sourceTree = "<group>"; };
		7677A8E5249E387E001D4FE6 /* SceneDelegate.swift */ = {isa = PBXFileReference; lastKnownFileType = sourcecode.swift; path = SceneDelegate.swift; sourceTree = "<group>"; };
		7677A8E7249E387E001D4FE6 /* ViewController.swift */ = {isa = PBXFileReference; lastKnownFileType = sourcecode.swift; path = ViewController.swift; sourceTree = "<group>"; };
		7677A8EA249E387E001D4FE6 /* Base */ = {isa = PBXFileReference; lastKnownFileType = file.storyboard; name = Base; path = Base.lproj/Main.storyboard; sourceTree = "<group>"; };
		7677A8EC249E3881001D4FE6 /* Assets.xcassets */ = {isa = PBXFileReference; lastKnownFileType = folder.assetcatalog; path = Assets.xcassets; sourceTree = "<group>"; };
		7677A8EF249E3881001D4FE6 /* Base */ = {isa = PBXFileReference; lastKnownFileType = file.storyboard; name = Base; path = Base.lproj/LaunchScreen.storyboard; sourceTree = "<group>"; };
		7677A8F1249E3881001D4FE6 /* Info.plist */ = {isa = PBXFileReference; lastKnownFileType = text.plist.xml; path = Info.plist; sourceTree = "<group>"; };
		7677A8F6249E3881001D4FE6 /* Universe-InterviewTests.xctest */ = {isa = PBXFileReference; explicitFileType = wrapper.cfbundle; includeInIndex = 0; path = "Universe-InterviewTests.xctest"; sourceTree = BUILT_PRODUCTS_DIR; };
		7677A8FA249E3881001D4FE6 /* Universe_InterviewTests.swift */ = {isa = PBXFileReference; lastKnownFileType = sourcecode.swift; path = Universe_InterviewTests.swift; sourceTree = "<group>"; };
		7677A8FC249E3881001D4FE6 /* Info.plist */ = {isa = PBXFileReference; lastKnownFileType = text.plist.xml; path = Info.plist; sourceTree = "<group>"; };
		7677A901249E3881001D4FE6 /* Universe-InterviewUITests.xctest */ = {isa = PBXFileReference; explicitFileType = wrapper.cfbundle; includeInIndex = 0; path = "Universe-InterviewUITests.xctest"; sourceTree = BUILT_PRODUCTS_DIR; };
		7677A905249E3881001D4FE6 /* Universe_InterviewUITests.swift */ = {isa = PBXFileReference; lastKnownFileType = sourcecode.swift; path = Universe_InterviewUITests.swift; sourceTree = "<group>"; };
		7677A907249E3881001D4FE6 /* Info.plist */ = {isa = PBXFileReference; lastKnownFileType = text.plist.xml; path = Info.plist; sourceTree = "<group>"; };
		7677A916249E39D1001D4FE6 /* PostsTableViewController.swift */ = {isa = PBXFileReference; lastKnownFileType = sourcecode.swift; path = PostsTableViewController.swift; sourceTree = "<group>"; };
		7677A91B249E3AC9001D4FE6 /* PostTableViewCell.swift */ = {isa = PBXFileReference; lastKnownFileType = sourcecode.swift; path = PostTableViewCell.swift; sourceTree = "<group>"; };
		7677A91D249E3B4F001D4FE6 /* Post.swift */ = {isa = PBXFileReference; lastKnownFileType = sourcecode.swift; path = Post.swift; sourceTree = "<group>"; };
		7677A91F249E3D4B001D4FE6 /* PostsViewModel.swift */ = {isa = PBXFileReference; lastKnownFileType = sourcecode.swift; path = PostsViewModel.swift; sourceTree = "<group>"; };
		7677A922249E3D91001D4FE6 /* ErrorViewController.swift */ = {isa = PBXFileReference; lastKnownFileType = sourcecode.swift; path = ErrorViewController.swift; sourceTree = "<group>"; };
		7677A924249E3DDA001D4FE6 /* RetryDelegate.swift */ = {isa = PBXFileReference; lastKnownFileType = sourcecode.swift; path = RetryDelegate.swift; sourceTree = "<group>"; };
		7677A926249E3E7D001D4FE6 /* UniverseBaseTableViewController.swift */ = {isa = PBXFileReference; lastKnownFileType = sourcecode.swift; path = UniverseBaseTableViewController.swift; sourceTree = "<group>"; };
		7677A92A249E3FCD001D4FE6 /* PostDetailsViewController.swift */ = {isa = PBXFileReference; lastKnownFileType = sourcecode.swift; path = PostDetailsViewController.swift; sourceTree = "<group>"; };
		7677A92C249E40C0001D4FE6 /* PostService.swift */ = {isa = PBXFileReference; lastKnownFileType = sourcecode.swift; path = PostService.swift; sourceTree = "<group>"; };
		7677A92F249E46F8001D4FE6 /* ServiceError.swift */ = {isa = PBXFileReference; lastKnownFileType = sourcecode.swift; path = ServiceError.swift; sourceTree = "<group>"; };
		7677A931249E47C1001D4FE6 /* URLSession+Extension.swift */ = {isa = PBXFileReference; lastKnownFileType = sourcecode.swift; path = "URLSession+Extension.swift"; sourceTree = "<group>"; };
		7677A937249E6616001D4FE6 /* CommentsTableViewController.swift */ = {isa = PBXFileReference; lastKnownFileType = sourcecode.swift; path = CommentsTableViewController.swift; sourceTree = "<group>"; };
		7677A939249E6648001D4FE6 /* Comment.swift */ = {isa = PBXFileReference; lastKnownFileType = sourcecode.swift; path = Comment.swift; sourceTree = "<group>"; };
		7677A93B249E67C3001D4FE6 /* CommentsViewModel.swift */ = {isa = PBXFileReference; lastKnownFileType = sourcecode.swift; path = CommentsViewModel.swift; sourceTree = "<group>"; };
		7677A93D249E67EE001D4FE6 /* CommentTableViewCell.swift */ = {isa = PBXFileReference; lastKnownFileType = sourcecode.swift; path = CommentTableViewCell.swift; sourceTree = "<group>"; };
		7677A93F249E6D56001D4FE6 /* CommentService.swift */ = {isa = PBXFileReference; lastKnownFileType = sourcecode.swift; path = CommentService.swift; sourceTree = "<group>"; };
		7677A941249E75DF001D4FE6 /* ServiceClient.swift */ = {isa = PBXFileReference; lastKnownFileType = sourcecode.swift; path = ServiceClient.swift; sourceTree = "<group>"; };
		7677A945249E7EEC001D4FE6 /* UIview+Extension.swift */ = {isa = PBXFileReference; lastKnownFileType = sourcecode.swift; path = "UIview+Extension.swift"; sourceTree = "<group>"; };
		7677A948249E9BE2001D4FE6 /* UserPostsTableViewController.swift */ = {isa = PBXFileReference; lastKnownFileType = sourcecode.swift; path = UserPostsTableViewController.swift; sourceTree = "<group>"; };
/* End PBXFileReference section */

/* Begin PBXFrameworksBuildPhase section */
		7677A8DD249E387E001D4FE6 /* Frameworks */ = {
			isa = PBXFrameworksBuildPhase;
			buildActionMask = 2147483647;
			files = (
			);
			runOnlyForDeploymentPostprocessing = 0;
		};
		7677A8F3249E3881001D4FE6 /* Frameworks */ = {
			isa = PBXFrameworksBuildPhase;
			buildActionMask = 2147483647;
			files = (
			);
			runOnlyForDeploymentPostprocessing = 0;
		};
		7677A8FE249E3881001D4FE6 /* Frameworks */ = {
			isa = PBXFrameworksBuildPhase;
			buildActionMask = 2147483647;
			files = (
			);
			runOnlyForDeploymentPostprocessing = 0;
		};
/* End PBXFrameworksBuildPhase section */

/* Begin PBXGroup section */
		7677A8D7249E387E001D4FE6 = {
			isa = PBXGroup;
			children = (
				7677A8E2249E387E001D4FE6 /* Universe-Interview */,
				7677A8F9249E3881001D4FE6 /* Universe-InterviewTests */,
				7677A904249E3881001D4FE6 /* Universe-InterviewUITests */,
				7677A8E1249E387E001D4FE6 /* Products */,
			);
			sourceTree = "<group>";
		};
		7677A8E1249E387E001D4FE6 /* Products */ = {
			isa = PBXGroup;
			children = (
				7677A8E0249E387E001D4FE6 /* Universe-Interview.app */,
				7677A8F6249E3881001D4FE6 /* Universe-InterviewTests.xctest */,
				7677A901249E3881001D4FE6 /* Universe-InterviewUITests.xctest */,
			);
			name = Products;
			sourceTree = "<group>";
		};
		7677A8E2249E387E001D4FE6 /* Universe-Interview */ = {
			isa = PBXGroup;
			children = (
				7677A947249E98A7001D4FE6 /* AuthorPosts */,
				7677A929249E3FB3001D4FE6 /* PostDetails */,
				7677A928249E3FA6001D4FE6 /* Home */,
				7677A918249E3A48001D4FE6 /* Common */,
				7677A8E3249E387E001D4FE6 /* AppDelegate.swift */,
				7677A8E5249E387E001D4FE6 /* SceneDelegate.swift */,
				7677A8E7249E387E001D4FE6 /* ViewController.swift */,
				7677A8E9249E387E001D4FE6 /* Main.storyboard */,
				764D2443249F2028002E4B82 /* Localizable.strings */,
				7677A8EC249E3881001D4FE6 /* Assets.xcassets */,
				7677A8EE249E3881001D4FE6 /* LaunchScreen.storyboard */,
				7677A8F1249E3881001D4FE6 /* Info.plist */,
			);
			path = "Universe-Interview";
			sourceTree = "<group>";
		};
		7677A8F9249E3881001D4FE6 /* Universe-InterviewTests */ = {
			isa = PBXGroup;
			children = (
				7677A8FA249E3881001D4FE6 /* Universe_InterviewTests.swift */,
				7677A8FC249E3881001D4FE6 /* Info.plist */,
			);
			path = "Universe-InterviewTests";
			sourceTree = "<group>";
		};
		7677A904249E3881001D4FE6 /* Universe-InterviewUITests */ = {
			isa = PBXGroup;
			children = (
				7677A905249E3881001D4FE6 /* Universe_InterviewUITests.swift */,
				7677A907249E3881001D4FE6 /* Info.plist */,
			);
			path = "Universe-InterviewUITests";
			sourceTree = "<group>";
		};
		7677A918249E3A48001D4FE6 /* Common */ = {
			isa = PBXGroup;
			children = (
				7677A921249E3D6F001D4FE6 /* ErrorView */,
				7677A926249E3E7D001D4FE6 /* UniverseBaseTableViewController.swift */,
				7677A92F249E46F8001D4FE6 /* ServiceError.swift */,
				7677A931249E47C1001D4FE6 /* URLSession+Extension.swift */,
				7677A941249E75DF001D4FE6 /* ServiceClient.swift */,
				7677A945249E7EEC001D4FE6 /* UIview+Extension.swift */,
				764D2441249F12B7002E4B82 /* Reachability.swift */,
			);
			path = Common;
			sourceTree = "<group>";
		};
		7677A921249E3D6F001D4FE6 /* ErrorView */ = {
			isa = PBXGroup;
			children = (
				7677A924249E3DDA001D4FE6 /* RetryDelegate.swift */,
				7677A922249E3D91001D4FE6 /* ErrorViewController.swift */,
			);
			path = ErrorView;
			sourceTree = "<group>";
		};
		7677A928249E3FA6001D4FE6 /* Home */ = {
			isa = PBXGroup;
			children = (
				7677A91D249E3B4F001D4FE6 /* Post.swift */,
				7677A916249E39D1001D4FE6 /* PostsTableViewController.swift */,
				7677A91B249E3AC9001D4FE6 /* PostTableViewCell.swift */,
				7677A91F249E3D4B001D4FE6 /* PostsViewModel.swift */,
				7677A92C249E40C0001D4FE6 /* PostService.swift */,
			);
			path = Home;
			sourceTree = "<group>";
		};
		7677A929249E3FB3001D4FE6 /* PostDetails */ = {
			isa = PBXGroup;
			children = (
				7677A943249E760B001D4FE6 /* Comments */,
				7677A92A249E3FCD001D4FE6 /* PostDetailsViewController.swift */,
			);
			path = PostDetails;
			sourceTree = "<group>";
		};
		7677A943249E760B001D4FE6 /* Comments */ = {
			isa = PBXGroup;
			children = (
				7677A93D249E67EE001D4FE6 /* CommentTableViewCell.swift */,
				7677A93B249E67C3001D4FE6 /* CommentsViewModel.swift */,
				7677A939249E6648001D4FE6 /* Comment.swift */,
				7677A93F249E6D56001D4FE6 /* CommentService.swift */,
				7677A937249E6616001D4FE6 /* CommentsTableViewController.swift */,
			);
			path = Comments;
			sourceTree = "<group>";
		};
		7677A947249E98A7001D4FE6 /* AuthorPosts */ = {
			isa = PBXGroup;
			children = (
				7677A948249E9BE2001D4FE6 /* UserPostsTableViewController.swift */,
			);
			path = AuthorPosts;
			sourceTree = "<group>";
		};
/* End PBXGroup section */

/* Begin PBXNativeTarget section */
		7677A8DF249E387E001D4FE6 /* Universe-Interview */ = {
			isa = PBXNativeTarget;
			buildConfigurationList = 7677A90A249E3881001D4FE6 /* Build configuration list for PBXNativeTarget "Universe-Interview" */;
			buildPhases = (
				7677A8DC249E387E001D4FE6 /* Sources */,
				7677A8DD249E387E001D4FE6 /* Frameworks */,
				7677A8DE249E387E001D4FE6 /* Resources */,
			);
			buildRules = (
			);
			dependencies = (
			);
			name = "Universe-Interview";
			productName = "Universe-Interview";
			productReference = 7677A8E0249E387E001D4FE6 /* Universe-Interview.app */;
			productType = "com.apple.product-type.application";
		};
		7677A8F5249E3881001D4FE6 /* Universe-InterviewTests */ = {
			isa = PBXNativeTarget;
			buildConfigurationList = 7677A90D249E3881001D4FE6 /* Build configuration list for PBXNativeTarget "Universe-InterviewTests" */;
			buildPhases = (
				7677A8F2249E3881001D4FE6 /* Sources */,
				7677A8F3249E3881001D4FE6 /* Frameworks */,
				7677A8F4249E3881001D4FE6 /* Resources */,
			);
			buildRules = (
			);
			dependencies = (
				7677A8F8249E3881001D4FE6 /* PBXTargetDependency */,
			);
			name = "Universe-InterviewTests";
			productName = "Universe-InterviewTests";
			productReference = 7677A8F6249E3881001D4FE6 /* Universe-InterviewTests.xctest */;
			productType = "com.apple.product-type.bundle.unit-test";
		};
		7677A900249E3881001D4FE6 /* Universe-InterviewUITests */ = {
			isa = PBXNativeTarget;
			buildConfigurationList = 7677A910249E3881001D4FE6 /* Build configuration list for PBXNativeTarget "Universe-InterviewUITests" */;
			buildPhases = (
				7677A8FD249E3881001D4FE6 /* Sources */,
				7677A8FE249E3881001D4FE6 /* Frameworks */,
				7677A8FF249E3881001D4FE6 /* Resources */,
			);
			buildRules = (
			);
			dependencies = (
				7677A903249E3881001D4FE6 /* PBXTargetDependency */,
			);
			name = "Universe-InterviewUITests";
			productName = "Universe-InterviewUITests";
			productReference = 7677A901249E3881001D4FE6 /* Universe-InterviewUITests.xctest */;
			productType = "com.apple.product-type.bundle.ui-testing";
		};
/* End PBXNativeTarget section */

/* Begin PBXProject section */
		7677A8D8249E387E001D4FE6 /* Project object */ = {
			isa = PBXProject;
			attributes = {
				LastSwiftUpdateCheck = 1150;
				LastUpgradeCheck = 1150;
				ORGANIZATIONNAME = "Kudzaiishe Mhou";
				TargetAttributes = {
					7677A8DF249E387E001D4FE6 = {
						CreatedOnToolsVersion = 11.5;
					};
					7677A8F5249E3881001D4FE6 = {
						CreatedOnToolsVersion = 11.5;
						TestTargetID = 7677A8DF249E387E001D4FE6;
					};
					7677A900249E3881001D4FE6 = {
						CreatedOnToolsVersion = 11.5;
						TestTargetID = 7677A8DF249E387E001D4FE6;
					};
				};
			};
			buildConfigurationList = 7677A8DB249E387E001D4FE6 /* Build configuration list for PBXProject "Universe-Interview" */;
			compatibilityVersion = "Xcode 9.3";
			developmentRegion = en;
			hasScannedForEncodings = 0;
			knownRegions = (
				en,
				Base,
			);
			mainGroup = 7677A8D7249E387E001D4FE6;
			productRefGroup = 7677A8E1249E387E001D4FE6 /* Products */;
			projectDirPath = "";
			projectRoot = "";
			targets = (
				7677A8DF249E387E001D4FE6 /* Universe-Interview */,
				7677A8F5249E3881001D4FE6 /* Universe-InterviewTests */,
				7677A900249E3881001D4FE6 /* Universe-InterviewUITests */,
			);
		};
/* End PBXProject section */

/* Begin PBXResourcesBuildPhase section */
		7677A8DE249E387E001D4FE6 /* Resources */ = {
			isa = PBXResourcesBuildPhase;
			buildActionMask = 2147483647;
			files = (
				7677A8F0249E3881001D4FE6 /* LaunchScreen.storyboard in Resources */,
				764D2444249F2028002E4B82 /* Localizable.strings in Resources */,
				7677A8ED249E3881001D4FE6 /* Assets.xcassets in Resources */,
				7677A8EB249E387E001D4FE6 /* Main.storyboard in Resources */,
			);
			runOnlyForDeploymentPostprocessing = 0;
		};
		7677A8F4249E3881001D4FE6 /* Resources */ = {
			isa = PBXResourcesBuildPhase;
			buildActionMask = 2147483647;
			files = (
			);
			runOnlyForDeploymentPostprocessing = 0;
		};
		7677A8FF249E3881001D4FE6 /* Resources */ = {
			isa = PBXResourcesBuildPhase;
			buildActionMask = 2147483647;
			files = (
			);
			runOnlyForDeploymentPostprocessing = 0;
		};
/* End PBXResourcesBuildPhase section */

/* Begin PBXSourcesBuildPhase section */
		7677A8DC249E387E001D4FE6 /* Sources */ = {
			isa = PBXSourcesBuildPhase;
			buildActionMask = 2147483647;
			files = (
				7677A949249E9BE2001D4FE6 /* UserPostsTableViewController.swift in Sources */,
				7677A8E8249E387E001D4FE6 /* ViewController.swift in Sources */,
				7677A91C249E3AC9001D4FE6 /* PostTableViewCell.swift in Sources */,
				7677A932249E47C1001D4FE6 /* URLSession+Extension.swift in Sources */,
				7677A8E4249E387E001D4FE6 /* AppDelegate.swift in Sources */,
				7677A927249E3E7D001D4FE6 /* UniverseBaseTableViewController.swift in Sources */,
				7677A91E249E3B4F001D4FE6 /* Post.swift in Sources */,
				7677A8E6249E387E001D4FE6 /* SceneDelegate.swift in Sources */,
				7677A923249E3D91001D4FE6 /* ErrorViewController.swift in Sources */,
				7677A938249E6616001D4FE6 /* CommentsTableViewController.swift in Sources */,
				7677A92D249E40C0001D4FE6 /* PostService.swift in Sources */,
				7677A946249E7EEC001D4FE6 /* UIview+Extension.swift in Sources */,
				7677A942249E75DF001D4FE6 /* ServiceClient.swift in Sources */,
				7677A930249E46F8001D4FE6 /* ServiceError.swift in Sources */,
				7677A93A249E6648001D4FE6 /* Comment.swift in Sources */,
				764D2442249F12B7002E4B82 /* Reachability.swift in Sources */,
				7677A925249E3DDA001D4FE6 /* RetryDelegate.swift in Sources */,
				7677A93E249E67EE001D4FE6 /* CommentTableViewCell.swift in Sources */,
				7677A917249E39D1001D4FE6 /* PostsTableViewController.swift in Sources */,
				7677A920249E3D4B001D4FE6 /* PostsViewModel.swift in Sources */,
				7677A92B249E3FCD001D4FE6 /* PostDetailsViewController.swift in Sources */,
				7677A940249E6D56001D4FE6 /* CommentService.swift in Sources */,
				7677A93C249E67C3001D4FE6 /* CommentsViewModel.swift in Sources */,
			);
			runOnlyForDeploymentPostprocessing = 0;
		};
		7677A8F2249E3881001D4FE6 /* Sources */ = {
			isa = PBXSourcesBuildPhase;
			buildActionMask = 2147483647;
			files = (
				7677A8FB249E3881001D4FE6 /* Universe_InterviewTests.swift in Sources */,
			);
			runOnlyForDeploymentPostprocessing = 0;
		};
		7677A8FD249E3881001D4FE6 /* Sources */ = {
			isa = PBXSourcesBuildPhase;
			buildActionMask = 2147483647;
			files = (
				7677A906249E3881001D4FE6 /* Universe_InterviewUITests.swift in Sources */,
			);
			runOnlyForDeploymentPostprocessing = 0;
		};
/* End PBXSourcesBuildPhase section */

/* Begin PBXTargetDependency section */
		7677A8F8249E3881001D4FE6 /* PBXTargetDependency */ = {
			isa = PBXTargetDependency;
			target = 7677A8DF249E387E001D4FE6 /* Universe-Interview */;
			targetProxy = 7677A8F7249E3881001D4FE6 /* PBXContainerItemProxy */;
		};
		7677A903249E3881001D4FE6 /* PBXTargetDependency */ = {
			isa = PBXTargetDependency;
			target = 7677A8DF249E387E001D4FE6 /* Universe-Interview */;
			targetProxy = 7677A902249E3881001D4FE6 /* PBXContainerItemProxy */;
		};
/* End PBXTargetDependency section */

/* Begin PBXVariantGroup section */
		7677A8E9249E387E001D4FE6 /* Main.storyboard */ = {
			isa = PBXVariantGroup;
			children = (
				7677A8EA249E387E001D4FE6 /* Base */,
			);
			name = Main.storyboard;
			sourceTree = "<group>";
		};
		7677A8EE249E3881001D4FE6 /* LaunchScreen.storyboard */ = {
			isa = PBXVariantGroup;
			children = (
				7677A8EF249E3881001D4FE6 /* Base */,
			);
			name = LaunchScreen.storyboard;
			sourceTree = "<group>";
		};
/* End PBXVariantGroup section */

/* Begin XCBuildConfiguration section */
		7677A908249E3881001D4FE6 /* Debug */ = {
			isa = XCBuildConfiguration;
			buildSettings = {
				ALWAYS_SEARCH_USER_PATHS = NO;
				CLANG_ANALYZER_NONNULL = YES;
				CLANG_ANALYZER_NUMBER_OBJECT_CONVERSION = YES_AGGRESSIVE;
				CLANG_CXX_LANGUAGE_STANDARD = "gnu++14";
				CLANG_CXX_LIBRARY = "libc++";
				CLANG_ENABLE_MODULES = YES;
				CLANG_ENABLE_OBJC_ARC = YES;
				CLANG_ENABLE_OBJC_WEAK = YES;
				CLANG_WARN_BLOCK_CAPTURE_AUTORELEASING = YES;
				CLANG_WARN_BOOL_CONVERSION = YES;
				CLANG_WARN_COMMA = YES;
				CLANG_WARN_CONSTANT_CONVERSION = YES;
				CLANG_WARN_DEPRECATED_OBJC_IMPLEMENTATIONS = YES;
				CLANG_WARN_DIRECT_OBJC_ISA_USAGE = YES_ERROR;
				CLANG_WARN_DOCUMENTATION_COMMENTS = YES;
				CLANG_WARN_EMPTY_BODY = YES;
				CLANG_WARN_ENUM_CONVERSION = YES;
				CLANG_WARN_INFINITE_RECURSION = YES;
				CLANG_WARN_INT_CONVERSION = YES;
				CLANG_WARN_NON_LITERAL_NULL_CONVERSION = YES;
				CLANG_WARN_OBJC_IMPLICIT_RETAIN_SELF = YES;
				CLANG_WARN_OBJC_LITERAL_CONVERSION = YES;
				CLANG_WARN_OBJC_ROOT_CLASS = YES_ERROR;
				CLANG_WARN_RANGE_LOOP_ANALYSIS = YES;
				CLANG_WARN_STRICT_PROTOTYPES = YES;
				CLANG_WARN_SUSPICIOUS_MOVE = YES;
				CLANG_WARN_UNGUARDED_AVAILABILITY = YES_AGGRESSIVE;
				CLANG_WARN_UNREACHABLE_CODE = YES;
				CLANG_WARN__DUPLICATE_METHOD_MATCH = YES;
				COPY_PHASE_STRIP = NO;
				DEBUG_INFORMATION_FORMAT = dwarf;
				ENABLE_STRICT_OBJC_MSGSEND = YES;
				ENABLE_TESTABILITY = YES;
				GCC_C_LANGUAGE_STANDARD = gnu11;
				GCC_DYNAMIC_NO_PIC = NO;
				GCC_NO_COMMON_BLOCKS = YES;
				GCC_OPTIMIZATION_LEVEL = 0;
				GCC_PREPROCESSOR_DEFINITIONS = (
					"DEBUG=1",
					"$(inherited)",
				);
				GCC_WARN_64_TO_32_BIT_CONVERSION = YES;
				GCC_WARN_ABOUT_RETURN_TYPE = YES_ERROR;
				GCC_WARN_UNDECLARED_SELECTOR = YES;
				GCC_WARN_UNINITIALIZED_AUTOS = YES_AGGRESSIVE;
				GCC_WARN_UNUSED_FUNCTION = YES;
				GCC_WARN_UNUSED_VARIABLE = YES;
				IPHONEOS_DEPLOYMENT_TARGET = 13.5;
				MTL_ENABLE_DEBUG_INFO = INCLUDE_SOURCE;
				MTL_FAST_MATH = YES;
				ONLY_ACTIVE_ARCH = YES;
				SDKROOT = iphoneos;
				SWIFT_ACTIVE_COMPILATION_CONDITIONS = DEBUG;
				SWIFT_OPTIMIZATION_LEVEL = "-Onone";
			};
			name = Debug;
		};
		7677A909249E3881001D4FE6 /* Release */ = {
			isa = XCBuildConfiguration;
			buildSettings = {
				ALWAYS_SEARCH_USER_PATHS = NO;
				CLANG_ANALYZER_NONNULL = YES;
				CLANG_ANALYZER_NUMBER_OBJECT_CONVERSION = YES_AGGRESSIVE;
				CLANG_CXX_LANGUAGE_STANDARD = "gnu++14";
				CLANG_CXX_LIBRARY = "libc++";
				CLANG_ENABLE_MODULES = YES;
				CLANG_ENABLE_OBJC_ARC = YES;
				CLANG_ENABLE_OBJC_WEAK = YES;
				CLANG_WARN_BLOCK_CAPTURE_AUTORELEASING = YES;
				CLANG_WARN_BOOL_CONVERSION = YES;
				CLANG_WARN_COMMA = YES;
				CLANG_WARN_CONSTANT_CONVERSION = YES;
				CLANG_WARN_DEPRECATED_OBJC_IMPLEMENTATIONS = YES;
				CLANG_WARN_DIRECT_OBJC_ISA_USAGE = YES_ERROR;
				CLANG_WARN_DOCUMENTATION_COMMENTS = YES;
				CLANG_WARN_EMPTY_BODY = YES;
				CLANG_WARN_ENUM_CONVERSION = YES;
				CLANG_WARN_INFINITE_RECURSION = YES;
				CLANG_WARN_INT_CONVERSION = YES;
				CLANG_WARN_NON_LITERAL_NULL_CONVERSION = YES;
				CLANG_WARN_OBJC_IMPLICIT_RETAIN_SELF = YES;
				CLANG_WARN_OBJC_LITERAL_CONVERSION = YES;
				CLANG_WARN_OBJC_ROOT_CLASS = YES_ERROR;
				CLANG_WARN_RANGE_LOOP_ANALYSIS = YES;
				CLANG_WARN_STRICT_PROTOTYPES = YES;
				CLANG_WARN_SUSPICIOUS_MOVE = YES;
				CLANG_WARN_UNGUARDED_AVAILABILITY = YES_AGGRESSIVE;
				CLANG_WARN_UNREACHABLE_CODE = YES;
				CLANG_WARN__DUPLICATE_METHOD_MATCH = YES;
				COPY_PHASE_STRIP = NO;
				DEBUG_INFORMATION_FORMAT = "dwarf-with-dsym";
				ENABLE_NS_ASSERTIONS = NO;
				ENABLE_STRICT_OBJC_MSGSEND = YES;
				GCC_C_LANGUAGE_STANDARD = gnu11;
				GCC_NO_COMMON_BLOCKS = YES;
				GCC_WARN_64_TO_32_BIT_CONVERSION = YES;
				GCC_WARN_ABOUT_RETURN_TYPE = YES_ERROR;
				GCC_WARN_UNDECLARED_SELECTOR = YES;
				GCC_WARN_UNINITIALIZED_AUTOS = YES_AGGRESSIVE;
				GCC_WARN_UNUSED_FUNCTION = YES;
				GCC_WARN_UNUSED_VARIABLE = YES;
				IPHONEOS_DEPLOYMENT_TARGET = 13.5;
				MTL_ENABLE_DEBUG_INFO = NO;
				MTL_FAST_MATH = YES;
				SDKROOT = iphoneos;
				SWIFT_COMPILATION_MODE = wholemodule;
				SWIFT_OPTIMIZATION_LEVEL = "-O";
				VALIDATE_PRODUCT = YES;
			};
			name = Release;
		};
		7677A90B249E3881001D4FE6 /* Debug */ = {
			isa = XCBuildConfiguration;
			buildSettings = {
				ASSETCATALOG_COMPILER_APPICON_NAME = AppIcon;
				CODE_SIGN_STYLE = Automatic;
				INFOPLIST_FILE = "Universe-Interview/Info.plist";
				LD_RUNPATH_SEARCH_PATHS = (
					"$(inherited)",
					"@executable_path/Frameworks",
				);
				PRODUCT_BUNDLE_IDENTIFIER = "mhou.tech.com.Universe-Interview";
				PRODUCT_NAME = "$(TARGET_NAME)";
				SWIFT_VERSION = 5.0;
				TARGETED_DEVICE_FAMILY = "1,2";
			};
			name = Debug;
		};
		7677A90C249E3881001D4FE6 /* Release */ = {
			isa = XCBuildConfiguration;
			buildSettings = {
				ASSETCATALOG_COMPILER_APPICON_NAME = AppIcon;
				CODE_SIGN_STYLE = Automatic;
				INFOPLIST_FILE = "Universe-Interview/Info.plist";
				LD_RUNPATH_SEARCH_PATHS = (
					"$(inherited)",
					"@executable_path/Frameworks",
				);
				PRODUCT_BUNDLE_IDENTIFIER = "mhou.tech.com.Universe-Interview";
				PRODUCT_NAME = "$(TARGET_NAME)";
				SWIFT_VERSION = 5.0;
				TARGETED_DEVICE_FAMILY = "1,2";
			};
			name = Release;
		};
		7677A90E249E3881001D4FE6 /* Debug */ = {
			isa = XCBuildConfiguration;
			buildSettings = {
				ALWAYS_EMBED_SWIFT_STANDARD_LIBRARIES = YES;
				BUNDLE_LOADER = "$(TEST_HOST)";
				CODE_SIGN_STYLE = Automatic;
				INFOPLIST_FILE = "Universe-InterviewTests/Info.plist";
				IPHONEOS_DEPLOYMENT_TARGET = 13.5;
				LD_RUNPATH_SEARCH_PATHS = (
					"$(inherited)",
					"@executable_path/Frameworks",
					"@loader_path/Frameworks",
				);
				PRODUCT_BUNDLE_IDENTIFIER = "mhou.tech.com.Universe-InterviewTests";
				PRODUCT_NAME = "$(TARGET_NAME)";
				SWIFT_VERSION = 5.0;
				TARGETED_DEVICE_FAMILY = "1,2";
				TEST_HOST = "$(BUILT_PRODUCTS_DIR)/Universe-Interview.app/Universe-Interview";
			};
			name = Debug;
		};
		7677A90F249E3881001D4FE6 /* Release */ = {
			isa = XCBuildConfiguration;
			buildSettings = {
				ALWAYS_EMBED_SWIFT_STANDARD_LIBRARIES = YES;
				BUNDLE_LOADER = "$(TEST_HOST)";
				CODE_SIGN_STYLE = Automatic;
				INFOPLIST_FILE = "Universe-InterviewTests/Info.plist";
				IPHONEOS_DEPLOYMENT_TARGET = 13.5;
				LD_RUNPATH_SEARCH_PATHS = (
					"$(inherited)",
					"@executable_path/Frameworks",
					"@loader_path/Frameworks",
				);
				PRODUCT_BUNDLE_IDENTIFIER = "mhou.tech.com.Universe-InterviewTests";
				PRODUCT_NAME = "$(TARGET_NAME)";
				SWIFT_VERSION = 5.0;
				TARGETED_DEVICE_FAMILY = "1,2";
				TEST_HOST = "$(BUILT_PRODUCTS_DIR)/Universe-Interview.app/Universe-Interview";
			};
			name = Release;
		};
		7677A911249E3881001D4FE6 /* Debug */ = {
			isa = XCBuildConfiguration;
			buildSettings = {
				ALWAYS_EMBED_SWIFT_STANDARD_LIBRARIES = YES;
				CODE_SIGN_STYLE = Automatic;
				INFOPLIST_FILE = "Universe-InterviewUITests/Info.plist";
				LD_RUNPATH_SEARCH_PATHS = (
					"$(inherited)",
					"@executable_path/Frameworks",
					"@loader_path/Frameworks",
				);
				PRODUCT_BUNDLE_IDENTIFIER = "mhou.tech.com.Universe-InterviewUITests";
				PRODUCT_NAME = "$(TARGET_NAME)";
				SWIFT_VERSION = 5.0;
				TARGETED_DEVICE_FAMILY = "1,2";
				TEST_TARGET_NAME = "Universe-Interview";
			};
			name = Debug;
		};
		7677A912249E3881001D4FE6 /* Release */ = {
			isa = XCBuildConfiguration;
			buildSettings = {
				ALWAYS_EMBED_SWIFT_STANDARD_LIBRARIES = YES;
				CODE_SIGN_STYLE = Automatic;
				INFOPLIST_FILE = "Universe-InterviewUITests/Info.plist";
				LD_RUNPATH_SEARCH_PATHS = (
					"$(inherited)",
					"@executable_path/Frameworks",
					"@loader_path/Frameworks",
				);
				PRODUCT_BUNDLE_IDENTIFIER = "mhou.tech.com.Universe-InterviewUITests";
				PRODUCT_NAME = "$(TARGET_NAME)";
				SWIFT_VERSION = 5.0;
				TARGETED_DEVICE_FAMILY = "1,2";
				TEST_TARGET_NAME = "Universe-Interview";
			};
			name = Release;
		};
/* End XCBuildConfiguration section */

/* Begin XCConfigurationList section */
		7677A8DB249E387E001D4FE6 /* Build configuration list for PBXProject "Universe-Interview" */ = {
			isa = XCConfigurationList;
			buildConfigurations = (
				7677A908249E3881001D4FE6 /* Debug */,
				7677A909249E3881001D4FE6 /* Release */,
			);
			defaultConfigurationIsVisible = 0;
			defaultConfigurationName = Release;
		};
		7677A90A249E3881001D4FE6 /* Build configuration list for PBXNativeTarget "Universe-Interview" */ = {
			isa = XCConfigurationList;
			buildConfigurations = (
				7677A90B249E3881001D4FE6 /* Debug */,
				7677A90C249E3881001D4FE6 /* Release */,
			);
			defaultConfigurationIsVisible = 0;
			defaultConfigurationName = Release;
		};
		7677A90D249E3881001D4FE6 /* Build configuration list for PBXNativeTarget "Universe-InterviewTests" */ = {
			isa = XCConfigurationList;
			buildConfigurations = (
				7677A90E249E3881001D4FE6 /* Debug */,
				7677A90F249E3881001D4FE6 /* Release */,
			);
			defaultConfigurationIsVisible = 0;
			defaultConfigurationName = Release;
		};
		7677A910249E3881001D4FE6 /* Build configuration list for PBXNativeTarget "Universe-InterviewUITests" */ = {
			isa = XCConfigurationList;
			buildConfigurations = (
				7677A911249E3881001D4FE6 /* Debug */,
				7677A912249E3881001D4FE6 /* Release */,
			);
			defaultConfigurationIsVisible = 0;
			defaultConfigurationName = Release;
		};
/* End XCConfigurationList section */
	};
	rootObject = 7677A8D8249E387E001D4FE6 /* Project object */;
}
